
Microsoft Visual Studio Solution File, Format Version 12.00
Project("{2150E333-8FDC-42A3-9474-1A3956D46DE8}") = "src", "src", "{5E59661D-0FA6-4B2E-ADF6-7BA65A7F0338}"
EndProject
Project("{2150E333-8FDC-42A3-9474-1A3956D46DE8}") = "tests", "tests", "{3A5046F2-5D13-4F4A-9BA8-3ECECF4F3D5E}"
EndProject
Project("{FAE04EC0-301F-11D3-BF4B-00C04F79EFBC}") = "Presentation", "src\Presentation\Presentation.csproj", "{116A18FC-BFF9-40F1-92E7-8C887F8CC94B}"
EndProject
Project("{FAE04EC0-301F-11D3-BF4B-00C04F79EFBC}") = "Core", "src\Core\Core.csproj", "{4E20AD91-65D8-41A8-96C3-F5460ACFE887}"
EndProject
Project("{FAE04EC0-301F-11D3-BF4B-00C04F79EFBC}") = "Infrastructure", "src\Infrastructure\Infrastructure.csproj", "{E84AF1B1-009D-47FA-AEB9-5BCC4479919F}"
EndProject
Project("{FAE04EC0-301F-11D3-BF4B-00C04F79EFBC}") = "Core.Tests", "tests\Core.Tests\Core.Tests.csproj", "{C0E70F66-F078-4721-8D4E-64E59CB4A2C2}"
EndProject
Project("{FAE04EC0-301F-11D3-BF4B-00C04F79EFBC}") = "Infrastructure.Tests", "tests\Infrastructure.Tests\Infrastructure.Tests.csproj", "{6A61F0DF-D661-4280-B021-A27A961E84A4}"
EndProject
Project("{FAE04EC0-301F-11D3-BF4B-00C04F79EFBC}") = "Presentation.Tests", "tests\Presentation.Tests\Presentation.Tests.csproj", "{98AE3A67-8D88-4C4B-9CAE-9696082EC431}"
EndProject
Global
	GlobalSection(SolutionConfigurationPlatforms) = preSolution
		Debug|Any CPU = Debug|Any CPU
		Release|Any CPU = Release|Any CPU
	EndGlobalSection
	GlobalSection(NestedProjects) = preSolution
		{116A18FC-BFF9-40F1-92E7-8C887F8CC94B} = {5E59661D-0FA6-4B2E-ADF6-7BA65A7F0338}
		{4E20AD91-65D8-41A8-96C3-F5460ACFE887} = {5E59661D-0FA6-4B2E-ADF6-7BA65A7F0338}
		{E84AF1B1-009D-47FA-AEB9-5BCC4479919F} = {5E59661D-0FA6-4B2E-ADF6-7BA65A7F0338}
		{C0E70F66-F078-4721-8D4E-64E59CB4A2C2} = {3A5046F2-5D13-4F4A-9BA8-3ECECF4F3D5E}
		{6A61F0DF-D661-4280-B021-A27A961E84A4} = {3A5046F2-5D13-4F4A-9BA8-3ECECF4F3D5E}
		{98AE3A67-8D88-4C4B-9CAE-9696082EC431} = {3A5046F2-5D13-4F4A-9BA8-3ECECF4F3D5E}
	EndGlobalSection
	GlobalSection(ProjectConfigurationPlatforms) = postSolution
		{116A18FC-BFF9-40F1-92E7-8C887F8CC94B}.Debug|Any CPU.ActiveCfg = Debug|Any CPU
		{116A18FC-BFF9-40F1-92E7-8C887F8CC94B}.Debug|Any CPU.Build.0 = Debug|Any CPU
		{116A18FC-BFF9-40F1-92E7-8C887F8CC94B}.Release|Any CPU.ActiveCfg = Release|Any CPU
		{116A18FC-BFF9-40F1-92E7-8C887F8CC94B}.Release|Any CPU.Build.0 = Release|Any CPU
		{4E20AD91-65D8-41A8-96C3-F5460ACFE887}.Debug|Any CPU.ActiveCfg = Debug|Any CPU
		{4E20AD91-65D8-41A8-96C3-F5460ACFE887}.Debug|Any CPU.Build.0 = Debug|Any CPU
		{4E20AD91-65D8-41A8-96C3-F5460ACFE887}.Release|Any CPU.ActiveCfg = Release|Any CPU
		{4E20AD91-65D8-41A8-96C3-F5460ACFE887}.Release|Any CPU.Build.0 = Release|Any CPU
		{E84AF1B1-009D-47FA-AEB9-5BCC4479919F}.Debug|Any CPU.ActiveCfg = Debug|Any CPU
		{E84AF1B1-009D-47FA-AEB9-5BCC4479919F}.Debug|Any CPU.Build.0 = Debug|Any CPU
		{E84AF1B1-009D-47FA-AEB9-5BCC4479919F}.Release|Any CPU.ActiveCfg = Release|Any CPU
		{E84AF1B1-009D-47FA-AEB9-5BCC4479919F}.Release|Any CPU.Build.0 = Release|Any CPU
		{C0E70F66-F078-4721-8D4E-64E59CB4A2C2}.Debug|Any CPU.ActiveCfg = Debug|Any CPU
		{C0E70F66-F078-4721-8D4E-64E59CB4A2C2}.Debug|Any CPU.Build.0 = Debug|Any CPU
		{C0E70F66-F078-4721-8D4E-64E59CB4A2C2}.Release|Any CPU.ActiveCfg = Release|Any CPU
		{C0E70F66-F078-4721-8D4E-64E59CB4A2C2}.Release|Any CPU.Build.0 = Release|Any CPU
		{6A61F0DF-D661-4280-B021-A27A961E84A4}.Debug|Any CPU.ActiveCfg = Debug|Any CPU
		{6A61F0DF-D661-4280-B021-A27A961E84A4}.Debug|Any CPU.Build.0 = Debug|Any CPU
		{6A61F0DF-D661-4280-B021-A27A961E84A4}.Release|Any CPU.ActiveCfg = Release|Any CPU
		{6A61F0DF-D661-4280-B021-A27A961E84A4}.Release|Any CPU.Build.0 = Release|Any CPU
		{98AE3A67-8D88-4C4B-9CAE-9696082EC431}.Debug|Any CPU.ActiveCfg = Debug|Any CPU
		{98AE3A67-8D88-4C4B-9CAE-9696082EC431}.Debug|Any CPU.Build.0 = Debug|Any CPU
		{98AE3A67-8D88-4C4B-9CAE-9696082EC431}.Release|Any CPU.ActiveCfg = Release|Any CPU
		{98AE3A67-8D88-4C4B-9CAE-9696082EC431}.Release|Any CPU.Build.0 = Release|Any CPU
	EndGlobalSection
EndGlobal
